
Microsoft Visual Studio Solution File, Format Version 12.00
# Visual Studio Version 16
VisualStudioVersion = 16.0.28922.388
MinimumVisualStudioVersion = 10.0.40219.1
Project("{9A19103F-16F7-4668-BE54-9A1E7A4F7556}") = "Updater", "Updater\Updater.csproj", "{0EEC949D-BF5C-4F12-9743-0A635ABC8DE4}"
EndProject
Project("{9A19103F-16F7-4668-BE54-9A1E7A4F7556}") = "UnityModManagerApp", "UnityModManagerApp\UnityModManagerApp.csproj", "{6E8F8B45-2A2D-4E5A-8573-3559337E68F3}"
	ProjectSection(ProjectDependencies) = postProject
		{A1FCAE3E-523E-4E33-8860-DD39DDDF0F62} = {A1FCAE3E-523E-4E33-8860-DD39DDDF0F62}
		{0EEC949D-BF5C-4F12-9743-0A635ABC8DE4} = {0EEC949D-BF5C-4F12-9743-0A635ABC8DE4}
	EndProjectSection
EndProject
Project("{9A19103F-16F7-4668-BE54-9A1E7A4F7556}") = "UnityModManager", "UnityModManager\UnityModManager.csproj", "{A1FCAE3E-523E-4E33-8860-DD39DDDF0F62}"
EndProject
Project("{9A19103F-16F7-4668-BE54-9A1E7A4F7556}") = "UnityModManagerTests", "UnityModManagerTests\UnityModManagerTests.csproj", "{E953E4AD-49FD-4BD8-AFD0-5EDA98DC10C1}"
EndProject
Project("{2150E333-8FDC-42A3-9474-1A3956D46DE8}") = "Configs", "Configs", "{0172C731-5E28-464A-8B8B-9199A6F2F17A}"
	ProjectSection(SolutionItems) = preProject
		README.md = README.md
		ReferenceLibs.props = ReferenceLibs.props
		Repository.json = Repository.json
	EndProjectSection
	ProjectSection(FolderGlobals) = preProject
		E_5_4Decompile_4Code_4src_4Dear-Unity-Mod-Manager_4Repository_1json__JsonSchema = http://json.schemastore.org/appveyor
	EndProjectSection
EndProject
Project("{2150E333-8FDC-42A3-9474-1A3956D46DE8}") = "lib", "lib", "{26ABE49E-2A2F-4115-8425-9BAEE6E153A4}"
	ProjectSection(SolutionItems) = preProject
		lib\0Harmony-1.2.dll = lib\0Harmony-1.2.dll
		lib\0Harmony.dll = lib\0Harmony.dll
		lib\0Harmony12.dll = lib\0Harmony12.dll
		lib\Assembly-CSharp-PathfinderKingmaker.dll = lib\Assembly-CSharp-PathfinderKingmaker.dll
		lib\background.jpg = lib\background.jpg
		lib\dnlib.dll = lib\dnlib.dll
		lib\Ionic.Zip.dll = lib\Ionic.Zip.dll
		lib\IrisSkin4.dll = lib\IrisSkin4.dll
		lib\Newtonsoft.Json.dll = lib\Newtonsoft.Json.dll
		lib\System.Xml.dll = lib\System.Xml.dll
		lib\UnityModManagerConfig.xml = lib\UnityModManagerConfig.xml
		lib\UnityModManagerConfigLocal.xml = lib\UnityModManagerConfigLocal.xml
		lib\winhttp.dll = lib\winhttp.dll
	EndProjectSection
EndProject
Global
	GlobalSection(SolutionConfigurationPlatforms) = preSolution
		Debug|Any CPU = Debug|Any CPU
		Release|Any CPU = Release|Any CPU
	EndGlobalSection
	GlobalSection(ProjectConfigurationPlatforms) = postSolution
		{0EEC949D-BF5C-4F12-9743-0A635ABC8DE4}.Debug|Any CPU.ActiveCfg = Debug|Any CPU
		{0EEC949D-BF5C-4F12-9743-0A635ABC8DE4}.Debug|Any CPU.Build.0 = Debug|Any CPU
		{0EEC949D-BF5C-4F12-9743-0A635ABC8DE4}.Release|Any CPU.ActiveCfg = Release|Any CPU
		{0EEC949D-BF5C-4F12-9743-0A635ABC8DE4}.Release|Any CPU.Build.0 = Release|Any CPU
		{6E8F8B45-2A2D-4E5A-8573-3559337E68F3}.Debug|Any CPU.ActiveCfg = Debug|Any CPU
		{6E8F8B45-2A2D-4E5A-8573-3559337E68F3}.Debug|Any CPU.Build.0 = Debug|Any CPU
		{6E8F8B45-2A2D-4E5A-8573-3559337E68F3}.Release|Any CPU.ActiveCfg = Release|Any CPU
		{6E8F8B45-2A2D-4E5A-8573-3559337E68F3}.Release|Any CPU.Build.0 = Release|Any CPU
		{A1FCAE3E-523E-4E33-8860-DD39DDDF0F62}.Debug|Any CPU.ActiveCfg = Debug|Any CPU
		{A1FCAE3E-523E-4E33-8860-DD39DDDF0F62}.Debug|Any CPU.Build.0 = Debug|Any CPU
		{A1FCAE3E-523E-4E33-8860-DD39DDDF0F62}.Release|Any CPU.ActiveCfg = Release|Any CPU
		{A1FCAE3E-523E-4E33-8860-DD39DDDF0F62}.Release|Any CPU.Build.0 = Release|Any CPU
		{E953E4AD-49FD-4BD8-AFD0-5EDA98DC10C1}.Debug|Any CPU.ActiveCfg = Debug|Any CPU
		{E953E4AD-49FD-4BD8-AFD0-5EDA98DC10C1}.Release|Any CPU.ActiveCfg = Release|Any CPU
	EndGlobalSection
	GlobalSection(SolutionProperties) = preSolution
		HideSolutionNode = FALSE
	EndGlobalSection
	GlobalSection(ExtensibilityGlobals) = postSolution
		SolutionGuid = {96EBF082-C7A9-4780-B27A-EC4A0AEB90D7}
	EndGlobalSection
EndGlobal
